
Microsoft Visual Studio Solution File, Format Version 12.00
# Visual Studio Version 16
VisualStudioVersion = 16.0.31205.134
MinimumVisualStudioVersion = 10.0.40219.1
Project("{FAE04EC0-301F-11D3-BF4B-00C04F79EFBC}") = "_Game", "_Game\_Game.csproj", "{55982DDF-156C-4B14-B806-FD0887DFD4E6}"
EndProject
Global
	GlobalSection(SolutionConfigurationPlatforms) = preSolution
		Debug|Any CPU = Debug|Any CPU
		Release|Any CPU = Release|Any CPU
	EndGlobalSection
	GlobalSection(ProjectConfigurationPlatforms) = postSolution
		{55982DDF-156C-4B14-B806-FD0887DFD4E6}.Debug|Any CPU.ActiveCfg = Debug|Any CPU
		{55982DDF-156C-4B14-B806-FD0887DFD4E6}.Debug|Any CPU.Build.0 = Debug|Any CPU
		{55982DDF-156C-4B14-B806-FD0887DFD4E6}.Release|Any CPU.ActiveCfg = Release|Any CPU
		{55982DDF-156C-4B14-B806-FD0887DFD4E6}.Release|Any CPU.Build.0 = Release|Any CPU
	EndGlobalSection
	GlobalSection(SolutionProperties) = preSolution
		HideSolutionNode = FALSE
	EndGlobalSection
	GlobalSection(ExtensibilityGlobals) = postSolution
		SolutionGuid = {23070A6F-5160-4EC3-B222-073589CF2440}
	EndGlobalSection
EndGlobal
